
Microsoft Visual Studio Solution File, Format Version 12.00
# Visual Studio Version 16
VisualStudioVersion = 16.0.30804.86
MinimumVisualStudioVersion = 10.0.40219.1
Project("{9A19103F-16F7-4668-BE54-9A1E7A4F7556}") = "CalculateVessels", "calcNet\CalculateVessels.csproj", "{3ECD9EF6-E379-4998-B020-28B88DDBF8AF}"
EndProject
Project("{9A19103F-16F7-4668-BE54-9A1E7A4F7556}") = "CalculateVessels.Core", "CalculateVessels.Core\CalculateVessels.Core.csproj", "{83652CA4-5166-4224-BB48-72258C2660E5}"
EndProject
Project("{9A19103F-16F7-4668-BE54-9A1E7A4F7556}") = "CalculateVessels.Data", "CalculateVessels.Data\CalculateVessels.Data.csproj", "{30CB0A13-DAE0-40C2-86F4-853150294C05}"
EndProject
Global
	GlobalSection(SolutionConfigurationPlatforms) = preSolution
		Debug|Any CPU = Debug|Any CPU
		Release|Any CPU = Release|Any CPU
	EndGlobalSection
	GlobalSection(ProjectConfigurationPlatforms) = postSolution
		{3ECD9EF6-E379-4998-B020-28B88DDBF8AF}.Debug|Any CPU.ActiveCfg = Debug|Any CPU
		{3ECD9EF6-E379-4998-B020-28B88DDBF8AF}.Debug|Any CPU.Build.0 = Debug|Any CPU
		{3ECD9EF6-E379-4998-B020-28B88DDBF8AF}.Release|Any CPU.ActiveCfg = Release|Any CPU
		{3ECD9EF6-E379-4998-B020-28B88DDBF8AF}.Release|Any CPU.Build.0 = Release|Any CPU
		{83652CA4-5166-4224-BB48-72258C2660E5}.Debug|Any CPU.ActiveCfg = Debug|Any CPU
		{83652CA4-5166-4224-BB48-72258C2660E5}.Debug|Any CPU.Build.0 = Debug|Any CPU
		{83652CA4-5166-4224-BB48-72258C2660E5}.Release|Any CPU.ActiveCfg = Release|Any CPU
		{83652CA4-5166-4224-BB48-72258C2660E5}.Release|Any CPU.Build.0 = Release|Any CPU
		{30CB0A13-DAE0-40C2-86F4-853150294C05}.Debug|Any CPU.ActiveCfg = Debug|Any CPU
		{30CB0A13-DAE0-40C2-86F4-853150294C05}.Debug|Any CPU.Build.0 = Debug|Any CPU
		{30CB0A13-DAE0-40C2-86F4-853150294C05}.Release|Any CPU.ActiveCfg = Release|Any CPU
		{30CB0A13-DAE0-40C2-86F4-853150294C05}.Release|Any CPU.Build.0 = Release|Any CPU
	EndGlobalSection
	GlobalSection(SolutionProperties) = preSolution
		HideSolutionNode = FALSE
	EndGlobalSection
	GlobalSection(ExtensibilityGlobals) = postSolution
		SolutionGuid = {E1866EC8-4F5C-4F2E-B448-8AB6568438A6}
	EndGlobalSection
EndGlobal
